<?xml version="1.0" encoding="utf-8"?>
<Project ToolsVersion="4.0" xmlns="http://schemas.microsoft.com/developer/msbuild/2003">
  <ItemGroup>
    <Filter Include="Resource Files">
      <UniqueIdentifier>{67DA6AB6-F800-4c08-8B7A-83BB121AAD01}</UniqueIdentifier>
      <Extensions>rc;ico;cur;bmp;dlg;rc2;rct;bin;rgs;gif;jpg;jpeg;jpe;resx;tiff;tif;png;wav;mfcribbon-ms</Extensions>
    </Filter>
    <Filter Include="Shaders">
      <UniqueIdentifier>{9647cc29-b925-4a0c-808e-fd4dbe741840}</UniqueIdentifier>
    </Filter>
    <Filter Include="Core">
      <UniqueIdentifier>{bf87d33d-f105-4f69-96b4-d74083d478d0}</UniqueIdentifier>
    </Filter>
    <Filter Include="Core\Header Files">
      <UniqueIdentifier>{01b1d71d-2a60-46ae-a549-b1f24b82f048}</UniqueIdentifier>
    </Filter>
    <Filter Include="Core\Source Files">
      <UniqueIdentifier>{d3ba57d4-b37b-4fe6-a112-e70969867fb4}</UniqueIdentifier>
    </Filter>
    <Filter Include="Math">
      <UniqueIdentifier>{33e4d775-cae1-4143-9476-30bfc3d3c855}</UniqueIdentifier>
    </Filter>
    <Filter Include="Core\Utilities">
      <UniqueIdentifier>{274dd1f1-f155-4259-b2f6-2f0f59708716}</UniqueIdentifier>
    </Filter>
    <Filter Include="Core\Utilities\Header Files">
      <UniqueIdentifier>{14270543-0a75-402c-9c75-67803242219b}</UniqueIdentifier>
    </Filter>
    <Filter Include="Core\Utilities\Source Files">
      <UniqueIdentifier>{185669b1-c2b6-4f4e-a457-54591129dbae}</UniqueIdentifier>
    </Filter>
  </ItemGroup>
  <ItemGroup>
    <ClCompile Include="Core\main.cpp">
      <Filter>Core\Source Files</Filter>
    </ClCompile>
    <ClCompile Include="Core\utilities\FrameTimer.cpp">
      <Filter>Core\Utilities\Source Files</Filter>
    </ClCompile>
    <ClCompile Include="Core\utilities\Log.cpp">
      <Filter>Core\Utilities\Source Files</Filter>
    </ClCompile>
    <ClCompile Include="Core\Application_GLFW.cpp">
      <Filter>Core\Source Files</Filter>
    </ClCompile>
    <ClCompile Include="Core\graphics\Renderer.cpp" />
    <ClCompile Include="Platform\MainWindow_GLFW.cpp" />
    <ClCompile Include="Platform\OpenGL.cpp" />
    <ClCompile Include="Core\utilities\stb_image.cpp" />
    <ClCompile Include="Core\graphics\Abstractions\IndexBuffer.cpp">
      <Filter>Core\Source Files</Filter>
    </ClCompile>
    <ClCompile Include="Core\graphics\Abstractions\VertexBuffer.cpp">
      <Filter>Core\Source Files</Filter>
    </ClCompile>
    <ClCompile Include="Core\graphics\Abstractions\Shader.cpp" />
    <ClCompile Include="Core\graphics\Abstractions\Texture.cpp" />
    <ClCompile Include="Core\graphics\Abstractions\VertexArray.cpp">
      <Filter>Core\Source Files</Filter>
    </ClCompile>
    <ClCompile Include="Core\utilities\imgui\imgui.cpp" />
    <ClCompile Include="Core\utilities\imgui\imgui_demo.cpp" />
    <ClCompile Include="Core\utilities\imgui\imgui_draw.cpp" />
    <ClCompile Include="Core\utilities\imgui\imgui_impl_glfw.cpp" />
    <ClCompile Include="Core\utilities\imgui\imgui_impl_opengl3.cpp" />
    <ClCompile Include="Core\utilities\imgui\imgui_tables.cpp" />
    <ClCompile Include="Core\utilities\imgui\imgui_widgets.cpp" />
    <ClCompile Include="Core\graphics\Camera.cpp" />
    <ClCompile Include="Core\graphics\Mesh.cpp" />
  </ItemGroup>
  <ItemGroup>
    <ClInclude Include="Core\Application.h">
      <Filter>Core\Header Files</Filter>
    </ClInclude>
    <ClInclude Include="Math\math.h">
      <Filter>Math</Filter>
    </ClInclude>
    <ClInclude Include="Core\utilities\FrameTimer.h">
      <Filter>Core\Utilities\Header Files</Filter>
    </ClInclude>
    <ClInclude Include="Core\utilities\utilities.h">
      <Filter>Core\Utilities\Header Files</Filter>
    </ClInclude>
    <ClInclude Include="Core\utilities\Log.h">
      <Filter>Core\Utilities\Header Files</Filter>
    </ClInclude>
    <ClInclude Include="Core\graphics\Renderer.h" />
    <ClInclude Include="Platform\MainWindow.h" />
    <ClInclude Include="Platform\OpenGL.h" />
    <ClInclude Include="Core\graphics\Abstractions\IndexBuffer.h">
      <Filter>Core\Header Files</Filter>
    </ClInclude>
    <ClInclude Include="Core\graphics\Abstractions\Shader.h" />
    <ClInclude Include="Core\graphics\Abstractions\VertexBuffer.h">
      <Filter>Core\Header Files</Filter>
    </ClInclude>
    <ClInclude Include="Core\graphics\Abstractions\Layout.h" />
    <ClInclude Include="Core\graphics\Abstractions\Texture.h" />
    <ClInclude Include="Core\graphics\Abstractions\Colors.h" />
    <ClInclude Include="Core\Tests\Test.h" />
    <ClInclude Include="Core\graphics\Abstractions\VertexArray.h">
      <Filter>Core\Header Files</Filter>
    </ClInclude>
    <ClInclude Include="Core\utilities\imgui\imconfig.h" />
    <ClInclude Include="Core\utilities\imgui\imgui.h" />
    <ClInclude Include="Core\utilities\imgui\imgui_impl_glfw.h" />
    <ClInclude Include="Core\utilities\imgui\imgui_impl_opengl3.h" />
    <ClInclude Include="Core\utilities\imgui\imgui_internal.h" />
    <ClInclude Include="Core\utilities\imgui\imstb_rectpack.h" />
    <ClInclude Include="Core\utilities\imgui\imstb_textedit.h" />
    <ClInclude Include="Core\utilities\imgui\imstb_truetype.h" />
    <ClInclude Include="Core\Tests\Light_Test.h" />
    <ClInclude Include="Core\graphics\Camera.h" />
    <ClInclude Include="Core\graphics\GameObject.h" />
    <ClInclude Include="Core\graphics\Material.h" />
    <ClInclude Include="Core\graphics\Mesh.h" />
  </ItemGroup>
  <ItemGroup>
    <Image Include="assets\earth.jpg">
      <Filter>Resource Files</Filter>
    </Image>
    <Image Include="assets\sun.jpg">
      <Filter>Resource Files</Filter>
    </Image>
    <Image Include="assets\wood_mc.png">
      <Filter>Resource Files</Filter>
    </Image>
  </ItemGroup>
  <ItemGroup>
    <None Include="glew32.dll" />
    <None Include="Shaders\OneColor.glsl" />
    <None Include="Shaders\Basic.glsl" />
  </ItemGroup>
</Project>