<?xml version="1.0" encoding="utf-8"?>
<Project ToolsVersion="4.0" xmlns="http://schemas.microsoft.com/developer/msbuild/2003">
  <ItemGroup>
    <Filter Include="Resource Files">
      <UniqueIdentifier>{67DA6AB6-F800-4c08-8B7A-83BB121AAD01}</UniqueIdentifier>
      <Extensions>rc;ico;cur;bmp;dlg;rc2;rct;bin;rgs;gif;jpg;jpeg;jpe;resx;tiff;tif;png;wav;mfcribbon-ms</Extensions>
    </Filter>
    <Filter Include="Core">
      <UniqueIdentifier>{64e44868-6fa0-41c7-b161-e7e1829ff198}</UniqueIdentifier>
    </Filter>
    <Filter Include="Core\Header Files">
      <UniqueIdentifier>{93995380-89BD-4b04-88EB-625FBE52EBFB}</UniqueIdentifier>
      <Extensions>h;hh;hpp;hxx;h++;hm;inl;inc;ipp;xsd</Extensions>
    </Filter>
    <Filter Include="Core\Source Files">
      <UniqueIdentifier>{4FC737F1-C7A5-4376-A066-2A32D752A2FF}</UniqueIdentifier>
      <Extensions>cpp;c;cc;cxx;c++;cppm;ixx;def;odl;idl;hpj;bat;asm;asmx</Extensions>
    </Filter>
    <Filter Include="Game">
      <UniqueIdentifier>{42428c53-ca59-4909-96f9-04a13af1982c}</UniqueIdentifier>
    </Filter>
    <Filter Include="Game\Header Files">
      <UniqueIdentifier>{4fdfdbf2-bec4-40cf-a499-e1e96dee557e}</UniqueIdentifier>
    </Filter>
    <Filter Include="Game\Source Files">
      <UniqueIdentifier>{463e875b-4d1d-4fcc-b8a4-3c44d9aca1a6}</UniqueIdentifier>
    </Filter>
    <Filter Include="Engine">
      <UniqueIdentifier>{ad16ae1d-adc6-4fcc-a362-d41137c59c20}</UniqueIdentifier>
    </Filter>
    <Filter Include="Core\log">
      <UniqueIdentifier>{63def1f7-4adb-47ba-ba3f-7dc631b7c9d6}</UniqueIdentifier>
    </Filter>
    <Filter Include="Engine\Header Files">
      <UniqueIdentifier>{45a1a8f7-7586-48e2-a6a4-9c9b6c043b61}</UniqueIdentifier>
    </Filter>
    <Filter Include="Engine\Source Files">
      <UniqueIdentifier>{e538e3c6-bfff-4e96-a6ac-eb6102227a7f}</UniqueIdentifier>
    </Filter>
    <Filter Include="Engine\data structures">
      <UniqueIdentifier>{0ad880ab-c717-44d3-9a1e-a9b595a4e23d}</UniqueIdentifier>
    </Filter>
    <Filter Include="Core\Shaders">
      <UniqueIdentifier>{9647cc29-b925-4a0c-808e-fd4dbe741840}</UniqueIdentifier>
    </Filter>
    <Filter Include="Game\Scenes">
      <UniqueIdentifier>{22c4dea0-036b-4e19-b38f-6d702ab6965c}</UniqueIdentifier>
    </Filter>
    <Filter Include="Engine\Effects">
      <UniqueIdentifier>{f8f93223-8285-496b-ab89-b4e6517b2e71}</UniqueIdentifier>
    </Filter>
    <Filter Include="Engine\Shaders">
      <UniqueIdentifier>{9fa69722-82a1-48bc-bcc2-8e84ca52f3ba}</UniqueIdentifier>
    </Filter>
    <Filter Include="Engine\Vertexs">
      <UniqueIdentifier>{991e8b1b-f0f2-4e4f-a808-bcf0f31a503b}</UniqueIdentifier>
    </Filter>
  </ItemGroup>
  <ItemGroup>
    <ClCompile Include="main.cpp">
      <Filter>Core\Source Files</Filter>
    </ClCompile>
    <ClCompile Include="Log.cpp">
      <Filter>Core\log</Filter>
    </ClCompile>
    <ClCompile Include="Application.cpp">
      <Filter>Core\Source Files</Filter>
    </ClCompile>
    <ClCompile Include="utilities.cpp">
      <Filter>Core\Source Files</Filter>
    </ClCompile>
    <ClCompile Include="Canvas.cpp">
      <Filter>Core\Source Files</Filter>
    </ClCompile>
    <ClCompile Include="FrameTimer.cpp">
      <Filter>Core\Source Files</Filter>
    </ClCompile>
    <ClCompile Include="Game.cpp">
      <Filter>Game\Source Files</Filter>
    </ClCompile>
    <ClCompile Include="math.cpp">
      <Filter>Engine\Source Files</Filter>
    </ClCompile>
    <ClCompile Include="Texture.cpp">
      <Filter>Engine\Source Files</Filter>
    </ClCompile>
    <ClCompile Include="Transform.cpp">
      <Filter>Engine\Source Files</Filter>
    </ClCompile>
    <ClCompile Include="tiny_obj_loader.cpp">
      <Filter>Engine\data structures</Filter>
    </ClCompile>
  </ItemGroup>
  <ItemGroup>
    <ClInclude Include="Log.h">
      <Filter>Core\log</Filter>
    </ClInclude>
    <ClInclude Include="Application.h">
      <Filter>Core\Header Files</Filter>
    </ClInclude>
    <ClInclude Include="utilities.h">
      <Filter>Core\Header Files</Filter>
    </ClInclude>
    <ClInclude Include="Canvas.h">
      <Filter>Core\Header Files</Filter>
    </ClInclude>
    <ClInclude Include="FrameTimer.h">
      <Filter>Core\Header Files</Filter>
    </ClInclude>
    <ClInclude Include="Game.h">
      <Filter>Game\Header Files</Filter>
    </ClInclude>
    <ClInclude Include="math.h">
      <Filter>Engine\Header Files</Filter>
    </ClInclude>
    <ClInclude Include="Colors.h">
      <Filter>Core\Header Files</Filter>
    </ClInclude>
    <ClInclude Include="Make_Shape.h">
      <Filter>Engine\data structures</Filter>
    </ClInclude>
    <ClInclude Include="Mesh.h">
      <Filter>Engine\data structures</Filter>
    </ClInclude>
    <ClInclude Include="Texture.h">
      <Filter>Engine\Header Files</Filter>
    </ClInclude>
    <ClInclude Include="Transform.h">
      <Filter>Engine\Header Files</Filter>
    </ClInclude>
    <ClInclude Include="Graphics.h">
      <Filter>Engine</Filter>
    </ClInclude>
    <ClInclude Include="TextureEffect.h">
      <Filter>Engine\Effects</Filter>
    </ClInclude>
    <ClInclude Include="InterColorEffect.h">
      <Filter>Engine\Effects</Filter>
    </ClInclude>
    <ClInclude Include="CubeWithTexture.h">
      <Filter>Game\Scenes</Filter>
    </ClInclude>
    <ClInclude Include="ZbufferTest.h">
      <Filter>Game\Scenes</Filter>
    </ClInclude>
    <ClInclude Include="DefaultVertexShader.h">
      <Filter>Engine\Shaders</Filter>
    </ClInclude>
    <ClInclude Include="DefaultGeometryShader.h">
      <Filter>Engine\Shaders</Filter>
    </ClInclude>
    <ClInclude Include="SolidGeometryEffect.h">
      <Filter>Engine\Effects</Filter>
    </ClInclude>
    <ClInclude Include="SolidCubeScene.h">
      <Filter>Game\Scenes</Filter>
    </ClInclude>
    <ClInclude Include="FlatShadingGS.h">
      <Filter>Engine\Shaders</Filter>
    </ClInclude>
    <ClInclude Include="tiny_obj_loader.h">
      <Filter>Engine\data structures</Filter>
    </ClInclude>
    <ClInclude Include="OneColorEffect.h">
      <Filter>Engine\Effects</Filter>
    </ClInclude>
    <ClInclude Include="LoadObjScene.h">
      <Filter>Game\Scenes</Filter>
    </ClInclude>
    <ClInclude Include="GouraudShadingVS.h">
      <Filter>Engine\Shaders</Filter>
    </ClInclude>
    <ClInclude Include="GouraudShadingEffect.h">
      <Filter>Engine\Effects</Filter>
    </ClInclude>
    <ClInclude Include="Scene.h">
      <Filter>Game\Header Files</Filter>
    </ClInclude>
    <ClInclude Include="VertexP.h">
      <Filter>Engine\Vertexs</Filter>
    </ClInclude>
    <ClInclude Include="VertexPN.h">
      <Filter>Engine\Vertexs</Filter>
    </ClInclude>
    <ClInclude Include="VertexPC.h">
      <Filter>Engine\Vertexs</Filter>
    </ClInclude>
    <ClInclude Include="GouraudPointVS.h">
      <Filter>Engine\Shaders</Filter>
    </ClInclude>
    <ClInclude Include="GouraudPointEffect.h">
      <Filter>Engine\Effects</Filter>
    </ClInclude>
  </ItemGroup>
  <ItemGroup>
    <None Include="canvas.shader">
      <Filter>Core\Shaders</Filter>
    </None>
  </ItemGroup>
</Project>